{
  "name": "portafolio-jessica",
  "version": "1.0.0",
  "lockfileVersion": 3,
  "requires": true,
  "packages": {
    "": {
      "name": "portafolio-jessica",
      "version": "1.0.0",
      "license": "ISC",
      "dependencies": {
        "colorthief": "^2.2.0"
      }
    },
    "node_modules/colorthief": {
      "version": "2.2.0",
      "resolved": "https://registry.npmjs.org/colorthief/-/colorthief-2.2.0.tgz",
      "integrity": "sha512-jtS2rrSQQMHqE4tkzpZu7l4MDOwKuZTxzsHdhFmxwshCX/5snPIzC+CwwHOwaACa6bwYV3qHwvnCSLqKvsC4Dw==",
      "engines": {
        "node": ">=10.15.3"
      }
    }
  }
}
